
Microsoft Visual Studio Solution File, Format Version 12.00
# Visual Studio Version 17
VisualStudioVersion = 17.8.34309.116
MinimumVisualStudioVersion = 10.0.40219.1
Project("{9A19103F-16F7-4668-BE54-9A1E7A4F7556}") = "C#12", "C#12\C#12.csproj", "{ED528400-1810-402D-A856-D5748ACAE075}"
EndProject
Project("{9A19103F-16F7-4668-BE54-9A1E7A4F7556}") = "Benchmark", "Benchmark\Benchmark.csproj", "{A5F2E4A2-5372-40AC-B7EE-DFF1C054BA06}"
EndProject
Project("{FAE04EC0-301F-11D3-BF4B-00C04F79EFBC}") = "C#13", "C#13\C#13.csproj", "{E8600C7E-F6C8-4889-8CD5-A4CB6CAA8C66}"
EndProject
Global
	GlobalSection(SolutionConfigurationPlatforms) = preSolution
		Debug|Any CPU = Debug|Any CPU
		Release|Any CPU = Release|Any CPU
	EndGlobalSection
	GlobalSection(ProjectConfigurationPlatforms) = postSolution
		{ED528400-1810-402D-A856-D5748ACAE075}.Debug|Any CPU.ActiveCfg = Debug|Any CPU
		{ED528400-1810-402D-A856-D5748ACAE075}.Debug|Any CPU.Build.0 = Debug|Any CPU
		{ED528400-1810-402D-A856-D5748ACAE075}.Release|Any CPU.ActiveCfg = Release|Any CPU
		{ED528400-1810-402D-A856-D5748ACAE075}.Release|Any CPU.Build.0 = Release|Any CPU
		{A5F2E4A2-5372-40AC-B7EE-DFF1C054BA06}.Debug|Any CPU.ActiveCfg = Debug|Any CPU
		{A5F2E4A2-5372-40AC-B7EE-DFF1C054BA06}.Debug|Any CPU.Build.0 = Debug|Any CPU
		{A5F2E4A2-5372-40AC-B7EE-DFF1C054BA06}.Release|Any CPU.ActiveCfg = Release|Any CPU
		{A5F2E4A2-5372-40AC-B7EE-DFF1C054BA06}.Release|Any CPU.Build.0 = Release|Any CPU
		{E8600C7E-F6C8-4889-8CD5-A4CB6CAA8C66}.Debug|Any CPU.ActiveCfg = Debug|Any CPU
		{E8600C7E-F6C8-4889-8CD5-A4CB6CAA8C66}.Debug|Any CPU.Build.0 = Debug|Any CPU
		{E8600C7E-F6C8-4889-8CD5-A4CB6CAA8C66}.Release|Any CPU.ActiveCfg = Release|Any CPU
		{E8600C7E-F6C8-4889-8CD5-A4CB6CAA8C66}.Release|Any CPU.Build.0 = Release|Any CPU
	EndGlobalSection
	GlobalSection(SolutionProperties) = preSolution
		HideSolutionNode = FALSE
	EndGlobalSection
	GlobalSection(ExtensibilityGlobals) = postSolution
		SolutionGuid = {87E22493-5FFE-4AFE-9090-7E60F2D9DB7C}
	EndGlobalSection
EndGlobal
